// !$*UTF8*$!
{
	archiveVersion = 1;
	classes = {
	};
	objectVersion = 55;
	objects = {

/* Begin PBXBuildFile section */
		2F90B4C5288A87C8002181FE /* AppDelegate.swift in Sources */ = {isa = PBXBuildFile; fileRef = 2F90B4C4288A87C8002181FE /* AppDelegate.swift */; };
		2F90B4C7288A87C8002181FE /* SceneDelegate.swift in Sources */ = {isa = PBXBuildFile; fileRef = 2F90B4C6288A87C8002181FE /* SceneDelegate.swift */; };
		2F90B4C9288A87C8002181FE /* TamagotchiChoice.swift in Sources */ = {isa = PBXBuildFile; fileRef = 2F90B4C8288A87C8002181FE /* TamagotchiChoice.swift */; };
		2F90B4CC288A87C8002181FE /* TamagotchiChoice.storyboard in Resources */ = {isa = PBXBuildFile; fileRef = 2F90B4CA288A87C8002181FE /* TamagotchiChoice.storyboard */; };
		2F90B4CE288A87CA002181FE /* Assets.xcassets in Resources */ = {isa = PBXBuildFile; fileRef = 2F90B4CD288A87CA002181FE /* Assets.xcassets */; };
		2F90B4D1288A87CA002181FE /* LaunchScreen.storyboard in Resources */ = {isa = PBXBuildFile; fileRef = 2F90B4CF288A87CA002181FE /* LaunchScreen.storyboard */; };
		2F90B4DA288A8C34002181FE /* TamagotchiChoiceCollectionViewController.swift in Sources */ = {isa = PBXBuildFile; fileRef = 2F90B4D9288A8C34002181FE /* TamagotchiChoiceCollectionViewController.swift */; };
		2F90B4DD288A8C8D002181FE /* TamagotchiChoiceCollectionViewCell.swift in Sources */ = {isa = PBXBuildFile; fileRef = 2F90B4DC288A8C8D002181FE /* TamagotchiChoiceCollectionViewCell.swift */; };
		2F90B4DF288A8F18002181FE /* Main.storyboard in Resources */ = {isa = PBXBuildFile; fileRef = 2F90B4DE288A8F18002181FE /* Main.storyboard */; };
		2F90B4E1288A920D002181FE /* TamagotchiData.swift in Sources */ = {isa = PBXBuildFile; fileRef = 2F90B4E0288A920D002181FE /* TamagotchiData.swift */; };
		2F90B4E4288AD51D002181FE /* TamagotchiStart.storyboard in Resources */ = {isa = PBXBuildFile; fileRef = 2F90B4E3288AD51D002181FE /* TamagotchiStart.storyboard */; };
		2F90B4E6288AD535002181FE /* TamagotchiStartViewController.swift in Sources */ = {isa = PBXBuildFile; fileRef = 2F90B4E5288AD535002181FE /* TamagotchiStartViewController.swift */; };
		2F90B4EB288ADBC6002181FE /* Label+TextFieldUI.swift in Sources */ = {isa = PBXBuildFile; fileRef = 2F90B4EA288ADBC6002181FE /* Label+TextFieldUI.swift */; };
		2F9FE476288E5F8000B4BAC1 /* Toast in Frameworks */ = {isa = PBXBuildFile; productRef = 2F9FE475288E5F8000B4BAC1 /* Toast */; };
		2F9FE479288E602600B4BAC1 /* IQKeyboardManagerSwift in Frameworks */ = {isa = PBXBuildFile; productRef = 2F9FE478288E602600B4BAC1 /* IQKeyboardManagerSwift */; };
		2FA69CCD288AFD91009053F7 /* ButtonUI.swift in Sources */ = {isa = PBXBuildFile; fileRef = 2FA69CCC288AFD91009053F7 /* ButtonUI.swift */; };
		2FA69CD2288B0318009053F7 /* MainViewController.swift in Sources */ = {isa = PBXBuildFile; fileRef = 2FA69CD1288B0318009053F7 /* MainViewController.swift */; };
		2FA69CD5288B0C28009053F7 /* Setting.storyboard in Resources */ = {isa = PBXBuildFile; fileRef = 2FA69CD4288B0C28009053F7 /* Setting.storyboard */; };
		2FA69CD9288B10CF009053F7 /* ViewUI.swift in Sources */ = {isa = PBXBuildFile; fileRef = 2FA69CD8288B10CF009053F7 /* ViewUI.swift */; };
		2FAB8BAE2893BA0F005769B0 /* Function.swift in Sources */ = {isa = PBXBuildFile; fileRef = 2FAB8BAD2893BA0F005769B0 /* Function.swift */; };
		2FAD5D02288C217700D3F8CF /* SettingTableViewController.swift in Sources */ = {isa = PBXBuildFile; fileRef = 2FAD5D01288C217700D3F8CF /* SettingTableViewController.swift */; };
		2FAD5D04288D16CE00D3F8CF /* SettingTableViewCell.swift in Sources */ = {isa = PBXBuildFile; fileRef = 2FAD5D03288D16CE00D3F8CF /* SettingTableViewCell.swift */; };
		2FAD5D07288D29C100D3F8CF /* ChangeName.storyboard in Resources */ = {isa = PBXBuildFile; fileRef = 2FAD5D06288D29C100D3F8CF /* ChangeName.storyboard */; };
		2FAD5D09288D29EE00D3F8CF /* ChangeNameViewController.swift in Sources */ = {isa = PBXBuildFile; fileRef = 2FAD5D08288D29EE00D3F8CF /* ChangeNameViewController.swift */; };
		2FBCC587288D704F0090BCE4 /* TamagotchiChangeStart.storyboard in Resources */ = {isa = PBXBuildFile; fileRef = 2FBCC586288D704F0090BCE4 /* TamagotchiChangeStart.storyboard */; };
		2FBCC589288D705E0090BCE4 /* TamagotchiChangeStartViewController.swift in Sources */ = {isa = PBXBuildFile; fileRef = 2FBCC588288D705E0090BCE4 /* TamagotchiChangeStartViewController.swift */; };
		2FBCC58B288D71120090BCE4 /* TamagotchiChange.storyboard in Resources */ = {isa = PBXBuildFile; fileRef = 2FBCC58A288D71120090BCE4 /* TamagotchiChange.storyboard */; };
		2FBCC58D288D715E0090BCE4 /* TamagotchiChangeCollectionViewController.swift in Sources */ = {isa = PBXBuildFile; fileRef = 2FBCC58C288D715E0090BCE4 /* TamagotchiChangeCollectionViewController.swift */; };
		2FBCC58F288D71680090BCE4 /* TamagotchiChangeCollectionViewCell.swift in Sources */ = {isa = PBXBuildFile; fileRef = 2FBCC58E288D71680090BCE4 /* TamagotchiChangeCollectionViewCell.swift */; };
/* End PBXBuildFile section */

/* Begin PBXFileReference section */
		2F90B4C1288A87C8002181FE /* SeSACTamagotchi.app */ = {isa = PBXFileReference; explicitFileType = wrapper.application; includeInIndex = 0; path = SeSACTamagotchi.app; sourceTree = BUILT_PRODUCTS_DIR; };
		2F90B4C4288A87C8002181FE /* AppDelegate.swift */ = {isa = PBXFileReference; lastKnownFileType = sourcecode.swift; path = AppDelegate.swift; sourceTree = "<group>"; };
		2F90B4C6288A87C8002181FE /* SceneDelegate.swift */ = {isa = PBXFileReference; lastKnownFileType = sourcecode.swift; path = SceneDelegate.swift; sourceTree = "<group>"; };
		2F90B4C8288A87C8002181FE /* TamagotchiChoice.swift */ = {isa = PBXFileReference; lastKnownFileType = sourcecode.swift; path = TamagotchiChoice.swift; sourceTree = "<group>"; };
		2F90B4CB288A87C8002181FE /* Base */ = {isa = PBXFileReference; lastKnownFileType = file.storyboard; name = Base; path = Base.lproj/TamagotchiChoice.storyboard; sourceTree = "<group>"; };
		2F90B4CD288A87CA002181FE /* Assets.xcassets */ = {isa = PBXFileReference; lastKnownFileType = folder.assetcatalog; path = Assets.xcassets; sourceTree = "<group>"; };
		2F90B4D0288A87CA002181FE /* Base */ = {isa = PBXFileReference; lastKnownFileType = file.storyboard; name = Base; path = Base.lproj/LaunchScreen.storyboard; sourceTree = "<group>"; };
		2F90B4D2288A87CA002181FE /* Info.plist */ = {isa = PBXFileReference; lastKnownFileType = text.plist.xml; path = Info.plist; sourceTree = "<group>"; };
		2F90B4D9288A8C34002181FE /* TamagotchiChoiceCollectionViewController.swift */ = {isa = PBXFileReference; lastKnownFileType = sourcecode.swift; path = TamagotchiChoiceCollectionViewController.swift; sourceTree = "<group>"; };
		2F90B4DC288A8C8D002181FE /* TamagotchiChoiceCollectionViewCell.swift */ = {isa = PBXFileReference; lastKnownFileType = sourcecode.swift; path = TamagotchiChoiceCollectionViewCell.swift; sourceTree = "<group>"; };
		2F90B4DE288A8F18002181FE /* Main.storyboard */ = {isa = PBXFileReference; lastKnownFileType = file.storyboard; path = Main.storyboard; sourceTree = "<group>"; };
		2F90B4E0288A920D002181FE /* TamagotchiData.swift */ = {isa = PBXFileReference; lastKnownFileType = sourcecode.swift; path = TamagotchiData.swift; sourceTree = "<group>"; };
		2F90B4E3288AD51D002181FE /* TamagotchiStart.storyboard */ = {isa = PBXFileReference; lastKnownFileType = file.storyboard; path = TamagotchiStart.storyboard; sourceTree = "<group>"; };
		2F90B4E5288AD535002181FE /* TamagotchiStartViewController.swift */ = {isa = PBXFileReference; lastKnownFileType = sourcecode.swift; path = TamagotchiStartViewController.swift; sourceTree = "<group>"; };
		2F90B4EA288ADBC6002181FE /* Label+TextFieldUI.swift */ = {isa = PBXFileReference; lastKnownFileType = sourcecode.swift; path = "Label+TextFieldUI.swift"; sourceTree = "<group>"; };
		2FA69CCC288AFD91009053F7 /* ButtonUI.swift */ = {isa = PBXFileReference; lastKnownFileType = sourcecode.swift; path = ButtonUI.swift; sourceTree = "<group>"; };
		2FA69CD1288B0318009053F7 /* MainViewController.swift */ = {isa = PBXFileReference; lastKnownFileType = sourcecode.swift; path = MainViewController.swift; sourceTree = "<group>"; };
		2FA69CD4288B0C28009053F7 /* Setting.storyboard */ = {isa = PBXFileReference; lastKnownFileType = file.storyboard; path = Setting.storyboard; sourceTree = "<group>"; };
		2FA69CD8288B10CF009053F7 /* ViewUI.swift */ = {isa = PBXFileReference; lastKnownFileType = sourcecode.swift; path = ViewUI.swift; sourceTree = "<group>"; };
		2FAB8BAD2893BA0F005769B0 /* Function.swift */ = {isa = PBXFileReference; lastKnownFileType = sourcecode.swift; path = Function.swift; sourceTree = "<group>"; };
		2FAD5D01288C217700D3F8CF /* SettingTableViewController.swift */ = {isa = PBXFileReference; lastKnownFileType = sourcecode.swift; path = SettingTableViewController.swift; sourceTree = "<group>"; };
		2FAD5D03288D16CE00D3F8CF /* SettingTableViewCell.swift */ = {isa = PBXFileReference; lastKnownFileType = sourcecode.swift; path = SettingTableViewCell.swift; sourceTree = "<group>"; };
		2FAD5D06288D29C100D3F8CF /* ChangeName.storyboard */ = {isa = PBXFileReference; lastKnownFileType = file.storyboard; path = ChangeName.storyboard; sourceTree = "<group>"; };
		2FAD5D08288D29EE00D3F8CF /* ChangeNameViewController.swift */ = {isa = PBXFileReference; lastKnownFileType = sourcecode.swift; path = ChangeNameViewController.swift; sourceTree = "<group>"; };
		2FBCC586288D704F0090BCE4 /* TamagotchiChangeStart.storyboard */ = {isa = PBXFileReference; lastKnownFileType = file.storyboard; path = TamagotchiChangeStart.storyboard; sourceTree = "<group>"; };
		2FBCC588288D705E0090BCE4 /* TamagotchiChangeStartViewController.swift */ = {isa = PBXFileReference; lastKnownFileType = sourcecode.swift; path = TamagotchiChangeStartViewController.swift; sourceTree = "<group>"; };
		2FBCC58A288D71120090BCE4 /* TamagotchiChange.storyboard */ = {isa = PBXFileReference; lastKnownFileType = file.storyboard; path = TamagotchiChange.storyboard; sourceTree = "<group>"; };
		2FBCC58C288D715E0090BCE4 /* TamagotchiChangeCollectionViewController.swift */ = {isa = PBXFileReference; lastKnownFileType = sourcecode.swift; path = TamagotchiChangeCollectionViewController.swift; sourceTree = "<group>"; };
		2FBCC58E288D71680090BCE4 /* TamagotchiChangeCollectionViewCell.swift */ = {isa = PBXFileReference; lastKnownFileType = sourcecode.swift; path = TamagotchiChangeCollectionViewCell.swift; sourceTree = "<group>"; };
/* End PBXFileReference section */

/* Begin PBXFrameworksBuildPhase section */
		2F90B4BE288A87C8002181FE /* Frameworks */ = {
			isa = PBXFrameworksBuildPhase;
			buildActionMask = 2147483647;
			files = (
				2F9FE476288E5F8000B4BAC1 /* Toast in Frameworks */,
				2F9FE479288E602600B4BAC1 /* IQKeyboardManagerSwift in Frameworks */,
			);
			runOnlyForDeploymentPostprocessing = 0;
		};
/* End PBXFrameworksBuildPhase section */

/* Begin PBXGroup section */
		2F90B4B8288A87C8002181FE = {
			isa = PBXGroup;
			children = (
				2F90B4C3288A87C8002181FE /* SeSACTamagotchi */,
				2F90B4C2288A87C8002181FE /* Products */,
			);
			sourceTree = "<group>";
		};
		2F90B4C2288A87C8002181FE /* Products */ = {
			isa = PBXGroup;
			children = (
				2F90B4C1288A87C8002181FE /* SeSACTamagotchi.app */,
			);
			name = Products;
			sourceTree = "<group>";
		};
		2F90B4C3288A87C8002181FE /* SeSACTamagotchi */ = {
			isa = PBXGroup;
			children = (
				2FAB8BAC2893B9FF005769B0 /* Function */,
				2FBCC581288D6F420090BCE4 /* TamagotchiChangeStart */,
				2FBCC57A288D65860090BCE4 /* TamagotchiChange */,
				2FAD5D05288D29A800D3F8CF /* changeName */,
				2FA69CD3288B0C18009053F7 /* Setting */,
				2FA69CCE288B0261009053F7 /* Main */,
				2F90B4E7288ADB6C002181FE /* UI */,
				2F90B4E2288AD501002181FE /* TamagotchiStart */,
				2F90B4DB288A8C55002181FE /* TamagotchiChoice */,
				2F90B4D8288A8AA7002181FE /* basicFile */,
				2F90B4C8288A87C8002181FE /* TamagotchiChoice.swift */,
			);
			path = SeSACTamagotchi;
			sourceTree = "<group>";
		};
		2F90B4D8288A8AA7002181FE /* basicFile */ = {
			isa = PBXGroup;
			children = (
				2F90B4D2288A87CA002181FE /* Info.plist */,
				2F90B4CF288A87CA002181FE /* LaunchScreen.storyboard */,
				2F90B4CD288A87CA002181FE /* Assets.xcassets */,
				2F90B4C4288A87C8002181FE /* AppDelegate.swift */,
				2F90B4C6288A87C8002181FE /* SceneDelegate.swift */,
				2F90B4E0288A920D002181FE /* TamagotchiData.swift */,
			);
			name = basicFile;
			sourceTree = "<group>";
		};
		2F90B4DB288A8C55002181FE /* TamagotchiChoice */ = {
			isa = PBXGroup;
			children = (
				2F90B4CA288A87C8002181FE /* TamagotchiChoice.storyboard */,
				2F90B4DC288A8C8D002181FE /* TamagotchiChoiceCollectionViewCell.swift */,
				2F90B4D9288A8C34002181FE /* TamagotchiChoiceCollectionViewController.swift */,
			);
			path = TamagotchiChoice;
			sourceTree = "<group>";
		};
		2F90B4E2288AD501002181FE /* TamagotchiStart */ = {
			isa = PBXGroup;
			children = (
				2F90B4E3288AD51D002181FE /* TamagotchiStart.storyboard */,
				2F90B4E5288AD535002181FE /* TamagotchiStartViewController.swift */,
			);
			name = TamagotchiStart;
			sourceTree = "<group>";
		};
		2F90B4E7288ADB6C002181FE /* UI */ = {
			isa = PBXGroup;
			children = (
				2F90B4EA288ADBC6002181FE /* Label+TextFieldUI.swift */,
				2FA69CCC288AFD91009053F7 /* ButtonUI.swift */,
				2FA69CD8288B10CF009053F7 /* ViewUI.swift */,
			);
			path = UI;
			sourceTree = "<group>";
		};
		2FA69CCE288B0261009053F7 /* Main */ = {
			isa = PBXGroup;
			children = (
				2F90B4DE288A8F18002181FE /* Main.storyboard */,
				2FA69CD1288B0318009053F7 /* MainViewController.swift */,
			);
			name = Main;
			sourceTree = "<group>";
		};
		2FA69CD3288B0C18009053F7 /* Setting */ = {
			isa = PBXGroup;
			children = (
				2FA69CD4288B0C28009053F7 /* Setting.storyboard */,
				2FAD5D03288D16CE00D3F8CF /* SettingTableViewCell.swift */,
				2FAD5D01288C217700D3F8CF /* SettingTableViewController.swift */,
			);
			name = Setting;
			sourceTree = "<group>";
		};
		2FAB8BAC2893B9FF005769B0 /* Function */ = {
			isa = PBXGroup;
			children = (
				2FAB8BAD2893BA0F005769B0 /* Function.swift */,
			);
			name = Function;
			sourceTree = "<group>";
		};
		2FAD5D05288D29A800D3F8CF /* changeName */ = {
			isa = PBXGroup;
			children = (
				2FAD5D06288D29C100D3F8CF /* ChangeName.storyboard */,
				2FAD5D08288D29EE00D3F8CF /* ChangeNameViewController.swift */,
			);
			path = changeName;
			sourceTree = "<group>";
		};
		2FBCC57A288D65860090BCE4 /* TamagotchiChange */ = {
			isa = PBXGroup;
			children = (
				2FBCC58A288D71120090BCE4 /* TamagotchiChange.storyboard */,
				2FBCC58C288D715E0090BCE4 /* TamagotchiChangeCollectionViewController.swift */,
				2FBCC58E288D71680090BCE4 /* TamagotchiChangeCollectionViewCell.swift */,
			);
			name = TamagotchiChange;
			sourceTree = "<group>";
		};
		2FBCC581288D6F420090BCE4 /* TamagotchiChangeStart */ = {
			isa = PBXGroup;
			children = (
				2FBCC586288D704F0090BCE4 /* TamagotchiChangeStart.storyboard */,
				2FBCC588288D705E0090BCE4 /* TamagotchiChangeStartViewController.swift */,
			);
			name = TamagotchiChangeStart;
			sourceTree = "<group>";
		};
/* End PBXGroup section */

/* Begin PBXNativeTarget section */
		2F90B4C0288A87C8002181FE /* SeSACTamagotchi */ = {
			isa = PBXNativeTarget;
			buildConfigurationList = 2F90B4D5288A87CA002181FE /* Build configuration list for PBXNativeTarget "SeSACTamagotchi" */;
			buildPhases = (
				2F90B4BD288A87C8002181FE /* Sources */,
				2F90B4BE288A87C8002181FE /* Frameworks */,
				2F90B4BF288A87C8002181FE /* Resources */,
			);
			buildRules = (
			);
			dependencies = (
			);
			name = SeSACTamagotchi;
			packageProductDependencies = (
				2F9FE475288E5F8000B4BAC1 /* Toast */,
				2F9FE478288E602600B4BAC1 /* IQKeyboardManagerSwift */,
			);
			productName = SeSACTamagotchi;
			productReference = 2F90B4C1288A87C8002181FE /* SeSACTamagotchi.app */;
			productType = "com.apple.product-type.application";
		};
/* End PBXNativeTarget section */

/* Begin PBXProject section */
		2F90B4B9288A87C8002181FE /* Project object */ = {
			isa = PBXProject;
			attributes = {
				BuildIndependentTargetsInParallel = 1;
				LastSwiftUpdateCheck = 1340;
				LastUpgradeCheck = 1340;
				TargetAttributes = {
					2F90B4C0288A87C8002181FE = {
						CreatedOnToolsVersion = 13.4.1;
					};
				};
			};
			buildConfigurationList = 2F90B4BC288A87C8002181FE /* Build configuration list for PBXProject "SeSACTamagotchi" */;
			compatibilityVersion = "Xcode 13.0";
			developmentRegion = en;
			hasScannedForEncodings = 0;
			knownRegions = (
				en,
				Base,
			);
			mainGroup = 2F90B4B8288A87C8002181FE;
			packageReferences = (
				2F9FE474288E5F8000B4BAC1 /* XCRemoteSwiftPackageReference "Toast-Swift" */,
				2F9FE477288E602600B4BAC1 /* XCRemoteSwiftPackageReference "IQKeyboardManager" */,
			);
			productRefGroup = 2F90B4C2288A87C8002181FE /* Products */;
			projectDirPath = "";
			projectRoot = "";
			targets = (
				2F90B4C0288A87C8002181FE /* SeSACTamagotchi */,
			);
		};
/* End PBXProject section */

/* Begin PBXResourcesBuildPhase section */
		2F90B4BF288A87C8002181FE /* Resources */ = {
			isa = PBXResourcesBuildPhase;
			buildActionMask = 2147483647;
			files = (
				2F90B4D1288A87CA002181FE /* LaunchScreen.storyboard in Resources */,
				2FBCC587288D704F0090BCE4 /* TamagotchiChangeStart.storyboard in Resources */,
				2FBCC58B288D71120090BCE4 /* TamagotchiChange.storyboard in Resources */,
				2F90B4CE288A87CA002181FE /* Assets.xcassets in Resources */,
				2FAD5D07288D29C100D3F8CF /* ChangeName.storyboard in Resources */,
				2F90B4CC288A87C8002181FE /* TamagotchiChoice.storyboard in Resources */,
				2F90B4E4288AD51D002181FE /* TamagotchiStart.storyboard in Resources */,
				2F90B4DF288A8F18002181FE /* Main.storyboard in Resources */,
				2FA69CD5288B0C28009053F7 /* Setting.storyboard in Resources */,
			);
			runOnlyForDeploymentPostprocessing = 0;
		};
/* End PBXResourcesBuildPhase section */

/* Begin PBXSourcesBuildPhase section */
		2F90B4BD288A87C8002181FE /* Sources */ = {
			isa = PBXSourcesBuildPhase;
			buildActionMask = 2147483647;
			files = (
				2F90B4DD288A8C8D002181FE /* TamagotchiChoiceCollectionViewCell.swift in Sources */,
				2FAD5D02288C217700D3F8CF /* SettingTableViewController.swift in Sources */,
				2FA69CCD288AFD91009053F7 /* ButtonUI.swift in Sources */,
				2F90B4DA288A8C34002181FE /* TamagotchiChoiceCollectionViewController.swift in Sources */,
				2FA69CD9288B10CF009053F7 /* ViewUI.swift in Sources */,
				2FBCC58D288D715E0090BCE4 /* TamagotchiChangeCollectionViewController.swift in Sources */,
				2F90B4C9288A87C8002181FE /* TamagotchiChoice.swift in Sources */,
				2F90B4E6288AD535002181FE /* TamagotchiStartViewController.swift in Sources */,
				2F90B4C5288A87C8002181FE /* AppDelegate.swift in Sources */,
				2FAB8BAE2893BA0F005769B0 /* Function.swift in Sources */,
				2FAD5D04288D16CE00D3F8CF /* SettingTableViewCell.swift in Sources */,
				2F90B4E1288A920D002181FE /* TamagotchiData.swift in Sources */,
				2F90B4EB288ADBC6002181FE /* Label+TextFieldUI.swift in Sources */,
				2F90B4C7288A87C8002181FE /* SceneDelegate.swift in Sources */,
				2FA69CD2288B0318009053F7 /* MainViewController.swift in Sources */,
				2FBCC589288D705E0090BCE4 /* TamagotchiChangeStartViewController.swift in Sources */,
				2FAD5D09288D29EE00D3F8CF /* ChangeNameViewController.swift in Sources */,
				2FBCC58F288D71680090BCE4 /* TamagotchiChangeCollectionViewCell.swift in Sources */,
			);
			runOnlyForDeploymentPostprocessing = 0;
		};
/* End PBXSourcesBuildPhase section */

/* Begin PBXVariantGroup section */
		2F90B4CA288A87C8002181FE /* TamagotchiChoice.storyboard */ = {
			isa = PBXVariantGroup;
			children = (
				2F90B4CB288A87C8002181FE /* Base */,
			);
			name = TamagotchiChoice.storyboard;
			sourceTree = "<group>";
		};
		2F90B4CF288A87CA002181FE /* LaunchScreen.storyboard */ = {
			isa = PBXVariantGroup;
			children = (
				2F90B4D0288A87CA002181FE /* Base */,
			);
			name = LaunchScreen.storyboard;
			sourceTree = "<group>";
		};
/* End PBXVariantGroup section */

/* Begin XCBuildConfiguration section */
		2F90B4D3288A87CA002181FE /* Debug */ = {
			isa = XCBuildConfiguration;
			buildSettings = {
				ALWAYS_SEARCH_USER_PATHS = NO;
				CLANG_ANALYZER_NONNULL = YES;
				CLANG_ANALYZER_NUMBER_OBJECT_CONVERSION = YES_AGGRESSIVE;
				CLANG_CXX_LANGUAGE_STANDARD = "gnu++17";
				CLANG_ENABLE_MODULES = YES;
				CLANG_ENABLE_OBJC_ARC = YES;
				CLANG_ENABLE_OBJC_WEAK = YES;
				CLANG_WARN_BLOCK_CAPTURE_AUTORELEASING = YES;
				CLANG_WARN_BOOL_CONVERSION = YES;
				CLANG_WARN_COMMA = YES;
				CLANG_WARN_CONSTANT_CONVERSION = YES;
				CLANG_WARN_DEPRECATED_OBJC_IMPLEMENTATIONS = YES;
				CLANG_WARN_DIRECT_OBJC_ISA_USAGE = YES_ERROR;
				CLANG_WARN_DOCUMENTATION_COMMENTS = YES;
				CLANG_WARN_EMPTY_BODY = YES;
				CLANG_WARN_ENUM_CONVERSION = YES;
				CLANG_WARN_INFINITE_RECURSION = YES;
				CLANG_WARN_INT_CONVERSION = YES;
				CLANG_WARN_NON_LITERAL_NULL_CONVERSION = YES;
				CLANG_WARN_OBJC_IMPLICIT_RETAIN_SELF = YES;
				CLANG_WARN_OBJC_LITERAL_CONVERSION = YES;
				CLANG_WARN_OBJC_ROOT_CLASS = YES_ERROR;
				CLANG_WARN_QUOTED_INCLUDE_IN_FRAMEWORK_HEADER = YES;
				CLANG_WARN_RANGE_LOOP_ANALYSIS = YES;
				CLANG_WARN_STRICT_PROTOTYPES = YES;
				CLANG_WARN_SUSPICIOUS_MOVE = YES;
				CLANG_WARN_UNGUARDED_AVAILABILITY = YES_AGGRESSIVE;
				CLANG_WARN_UNREACHABLE_CODE = YES;
				CLANG_WARN__DUPLICATE_METHOD_MATCH = YES;
				COPY_PHASE_STRIP = NO;
				DEBUG_INFORMATION_FORMAT = dwarf;
				ENABLE_STRICT_OBJC_MSGSEND = YES;
				ENABLE_TESTABILITY = YES;
				GCC_C_LANGUAGE_STANDARD = gnu11;
				GCC_DYNAMIC_NO_PIC = NO;
				GCC_NO_COMMON_BLOCKS = YES;
				GCC_OPTIMIZATION_LEVEL = 0;
				GCC_PREPROCESSOR_DEFINITIONS = (
					"DEBUG=1",
					"$(inherited)",
				);
				GCC_WARN_64_TO_32_BIT_CONVERSION = YES;
				GCC_WARN_ABOUT_RETURN_TYPE = YES_ERROR;
				GCC_WARN_UNDECLARED_SELECTOR = YES;
				GCC_WARN_UNINITIALIZED_AUTOS = YES_AGGRESSIVE;
				GCC_WARN_UNUSED_FUNCTION = YES;
				GCC_WARN_UNUSED_VARIABLE = YES;
				IPHONEOS_DEPLOYMENT_TARGET = 15.5;
				MTL_ENABLE_DEBUG_INFO = INCLUDE_SOURCE;
				MTL_FAST_MATH = YES;
				ONLY_ACTIVE_ARCH = YES;
				SDKROOT = iphoneos;
				SWIFT_ACTIVE_COMPILATION_CONDITIONS = DEBUG;
				SWIFT_OPTIMIZATION_LEVEL = "-Onone";
			};
			name = Debug;
		};
		2F90B4D4288A87CA002181FE /* Release */ = {
			isa = XCBuildConfiguration;
			buildSettings = {
				ALWAYS_SEARCH_USER_PATHS = NO;
				CLANG_ANALYZER_NONNULL = YES;
				CLANG_ANALYZER_NUMBER_OBJECT_CONVERSION = YES_AGGRESSIVE;
				CLANG_CXX_LANGUAGE_STANDARD = "gnu++17";
				CLANG_ENABLE_MODULES = YES;
				CLANG_ENABLE_OBJC_ARC = YES;
				CLANG_ENABLE_OBJC_WEAK = YES;
				CLANG_WARN_BLOCK_CAPTURE_AUTORELEASING = YES;
				CLANG_WARN_BOOL_CONVERSION = YES;
				CLANG_WARN_COMMA = YES;
				CLANG_WARN_CONSTANT_CONVERSION = YES;
				CLANG_WARN_DEPRECATED_OBJC_IMPLEMENTATIONS = YES;
				CLANG_WARN_DIRECT_OBJC_ISA_USAGE = YES_ERROR;
				CLANG_WARN_DOCUMENTATION_COMMENTS = YES;
				CLANG_WARN_EMPTY_BODY = YES;
				CLANG_WARN_ENUM_CONVERSION = YES;
				CLANG_WARN_INFINITE_RECURSION = YES;
				CLANG_WARN_INT_CONVERSION = YES;
				CLANG_WARN_NON_LITERAL_NULL_CONVERSION = YES;
				CLANG_WARN_OBJC_IMPLICIT_RETAIN_SELF = YES;
				CLANG_WARN_OBJC_LITERAL_CONVERSION = YES;
				CLANG_WARN_OBJC_ROOT_CLASS = YES_ERROR;
				CLANG_WARN_QUOTED_INCLUDE_IN_FRAMEWORK_HEADER = YES;
				CLANG_WARN_RANGE_LOOP_ANALYSIS = YES;
				CLANG_WARN_STRICT_PROTOTYPES = YES;
				CLANG_WARN_SUSPICIOUS_MOVE = YES;
				CLANG_WARN_UNGUARDED_AVAILABILITY = YES_AGGRESSIVE;
				CLANG_WARN_UNREACHABLE_CODE = YES;
				CLANG_WARN__DUPLICATE_METHOD_MATCH = YES;
				COPY_PHASE_STRIP = NO;
				DEBUG_INFORMATION_FORMAT = "dwarf-with-dsym";
				ENABLE_NS_ASSERTIONS = NO;
				ENABLE_STRICT_OBJC_MSGSEND = YES;
				GCC_C_LANGUAGE_STANDARD = gnu11;
				GCC_NO_COMMON_BLOCKS = YES;
				GCC_WARN_64_TO_32_BIT_CONVERSION = YES;
				GCC_WARN_ABOUT_RETURN_TYPE = YES_ERROR;
				GCC_WARN_UNDECLARED_SELECTOR = YES;
				GCC_WARN_UNINITIALIZED_AUTOS = YES_AGGRESSIVE;
				GCC_WARN_UNUSED_FUNCTION = YES;
				GCC_WARN_UNUSED_VARIABLE = YES;
				IPHONEOS_DEPLOYMENT_TARGET = 15.5;
				MTL_ENABLE_DEBUG_INFO = NO;
				MTL_FAST_MATH = YES;
				SDKROOT = iphoneos;
				SWIFT_COMPILATION_MODE = wholemodule;
				SWIFT_OPTIMIZATION_LEVEL = "-O";
				VALIDATE_PRODUCT = YES;
			};
			name = Release;
		};
		2F90B4D6288A87CA002181FE /* Debug */ = {
			isa = XCBuildConfiguration;
			buildSettings = {
				ASSETCATALOG_COMPILER_APPICON_NAME = AppIcon;
				ASSETCATALOG_COMPILER_GLOBAL_ACCENT_COLOR_NAME = AccentColor;
				CODE_SIGN_STYLE = Automatic;
				CURRENT_PROJECT_VERSION = 1;
				DEVELOPMENT_TEAM = LL4R66V6Y3;
				GENERATE_INFOPLIST_FILE = YES;
				INFOPLIST_FILE = SeSACTamagotchi/Info.plist;
				INFOPLIST_KEY_CFBundleDisplayName = "이병현";
				INFOPLIST_KEY_UIApplicationSupportsIndirectInputEvents = YES;
				INFOPLIST_KEY_UILaunchStoryboardName = LaunchScreen;
				INFOPLIST_KEY_UIMainStoryboardFile = Main;
				INFOPLIST_KEY_UISupportedInterfaceOrientations_iPad = "UIInterfaceOrientationPortrait UIInterfaceOrientationPortraitUpsideDown UIInterfaceOrientationLandscapeLeft UIInterfaceOrientationLandscapeRight";
				INFOPLIST_KEY_UISupportedInterfaceOrientations_iPhone = "UIInterfaceOrientationPortrait UIInterfaceOrientationLandscapeLeft UIInterfaceOrientationLandscapeRight";
				IPHONEOS_DEPLOYMENT_TARGET = 15.0;
				LD_RUNPATH_SEARCH_PATHS = (
					"$(inherited)",
					"@executable_path/Frameworks",
				);
				MARKETING_VERSION = 1.0;
				PRODUCT_BUNDLE_IDENTIFIER = cody.SeSACTamagotchi;
				PRODUCT_NAME = "$(TARGET_NAME)";
				SWIFT_EMIT_LOC_STRINGS = YES;
				SWIFT_VERSION = 5.0;
				TARGETED_DEVICE_FAMILY = 1;
			};
			name = Debug;
		};
		2F90B4D7288A87CA002181FE /* Release */ = {
			isa = XCBuildConfiguration;
			buildSettings = {
				ASSETCATALOG_COMPILER_APPICON_NAME = AppIcon;
				ASSETCATALOG_COMPILER_GLOBAL_ACCENT_COLOR_NAME = AccentColor;
				CODE_SIGN_STYLE = Automatic;
				CURRENT_PROJECT_VERSION = 1;
				DEVELOPMENT_TEAM = LL4R66V6Y3;
				GENERATE_INFOPLIST_FILE = YES;
				INFOPLIST_FILE = SeSACTamagotchi/Info.plist;
				INFOPLIST_KEY_CFBundleDisplayName = "이병현";
				INFOPLIST_KEY_UIApplicationSupportsIndirectInputEvents = YES;
				INFOPLIST_KEY_UILaunchStoryboardName = LaunchScreen;
				INFOPLIST_KEY_UIMainStoryboardFile = Main;
				INFOPLIST_KEY_UISupportedInterfaceOrientations_iPad = "UIInterfaceOrientationPortrait UIInterfaceOrientationPortraitUpsideDown UIInterfaceOrientationLandscapeLeft UIInterfaceOrientationLandscapeRight";
				INFOPLIST_KEY_UISupportedInterfaceOrientations_iPhone = "UIInterfaceOrientationPortrait UIInterfaceOrientationLandscapeLeft UIInterfaceOrientationLandscapeRight";
				IPHONEOS_DEPLOYMENT_TARGET = 15.0;
				LD_RUNPATH_SEARCH_PATHS = (
					"$(inherited)",
					"@executable_path/Frameworks",
				);
				MARKETING_VERSION = 1.0;
				PRODUCT_BUNDLE_IDENTIFIER = cody.SeSACTamagotchi;
				PRODUCT_NAME = "$(TARGET_NAME)";
				SWIFT_EMIT_LOC_STRINGS = YES;
				SWIFT_VERSION = 5.0;
				TARGETED_DEVICE_FAMILY = 1;
			};
			name = Release;
		};
/* End XCBuildConfiguration section */

/* Begin XCConfigurationList section */
		2F90B4BC288A87C8002181FE /* Build configuration list for PBXProject "SeSACTamagotchi" */ = {
			isa = XCConfigurationList;
			buildConfigurations = (
				2F90B4D3288A87CA002181FE /* Debug */,
				2F90B4D4288A87CA002181FE /* Release */,
			);
			defaultConfigurationIsVisible = 0;
			defaultConfigurationName = Release;
		};
		2F90B4D5288A87CA002181FE /* Build configuration list for PBXNativeTarget "SeSACTamagotchi" */ = {
			isa = XCConfigurationList;
			buildConfigurations = (
				2F90B4D6288A87CA002181FE /* Debug */,
				2F90B4D7288A87CA002181FE /* Release */,
			);
			defaultConfigurationIsVisible = 0;
			defaultConfigurationName = Release;
		};
/* End XCConfigurationList section */

/* Begin XCRemoteSwiftPackageReference section */
		2F9FE474288E5F8000B4BAC1 /* XCRemoteSwiftPackageReference "Toast-Swift" */ = {
			isa = XCRemoteSwiftPackageReference;
			repositoryURL = "https://github.com/scalessec/Toast-Swift.git";
			requirement = {
				branch = master;
				kind = branch;
			};
		};
		2F9FE477288E602600B4BAC1 /* XCRemoteSwiftPackageReference "IQKeyboardManager" */ = {
			isa = XCRemoteSwiftPackageReference;
			repositoryURL = "https://github.com/hackiftekhar/IQKeyboardManager.git";
			requirement = {
				branch = master;
				kind = branch;
			};
		};
/* End XCRemoteSwiftPackageReference section */

/* Begin XCSwiftPackageProductDependency section */
		2F9FE475288E5F8000B4BAC1 /* Toast */ = {
			isa = XCSwiftPackageProductDependency;
			package = 2F9FE474288E5F8000B4BAC1 /* XCRemoteSwiftPackageReference "Toast-Swift" */;
			productName = Toast;
		};
		2F9FE478288E602600B4BAC1 /* IQKeyboardManagerSwift */ = {
			isa = XCSwiftPackageProductDependency;
			package = 2F9FE477288E602600B4BAC1 /* XCRemoteSwiftPackageReference "IQKeyboardManager" */;
			productName = IQKeyboardManagerSwift;
		};
/* End XCSwiftPackageProductDependency section */
	};
	rootObject = 2F90B4B9288A87C8002181FE /* Project object */;
}
